
Microsoft Visual Studio Solution File, Format Version 12.00
# Visual Studio Version 16
VisualStudioVersion = 16.0.31729.503
MinimumVisualStudioVersion = 10.0.40219.1
Project("{9A19103F-16F7-4668-BE54-9A1E7A4F7556}") = "LexiconMVCData", "LexiconMVC\LexiconMVCData.csproj", "{12157578-7DD6-4DA3-94BE-072C845C5E1A}"
EndProject
Project("{E24C65DC-7377-472B-9ABA-BC803B73C61A}") = "lexicon-app", "lexicon-app\", "{A67F7867-6590-4243-97D7-03ABF92C5EFE}"
	ProjectSection(WebsiteProperties) = preProject
		TargetFrameworkMoniker = ".NETFramework,Version%3Dv4.0"
		Debug.AspNetCompiler.VirtualPath = "/localhost_51425"
		Debug.AspNetCompiler.PhysicalPath = "lexicon-app\"
		Debug.AspNetCompiler.TargetPath = "PrecompiledWeb\localhost_51425\"
		Debug.AspNetCompiler.Updateable = "true"
		Debug.AspNetCompiler.ForceOverwrite = "true"
		Debug.AspNetCompiler.FixedNames = "false"
		Debug.AspNetCompiler.Debug = "True"
		Release.AspNetCompiler.VirtualPath = "/localhost_51425"
		Release.AspNetCompiler.PhysicalPath = "lexicon-app\"
		Release.AspNetCompiler.TargetPath = "PrecompiledWeb\localhost_51425\"
		Release.AspNetCompiler.Updateable = "true"
		Release.AspNetCompiler.ForceOverwrite = "true"
		Release.AspNetCompiler.FixedNames = "false"
		Release.AspNetCompiler.Debug = "False"
		VWDPort = "51425"
		SlnRelativePath = "lexicon-app\"
	EndProjectSection
EndProject
Global
	GlobalSection(SolutionConfigurationPlatforms) = preSolution
		Debug|Any CPU = Debug|Any CPU
		Release|Any CPU = Release|Any CPU
	EndGlobalSection
	GlobalSection(ProjectConfigurationPlatforms) = postSolution
		{12157578-7DD6-4DA3-94BE-072C845C5E1A}.Debug|Any CPU.ActiveCfg = Debug|Any CPU
		{12157578-7DD6-4DA3-94BE-072C845C5E1A}.Debug|Any CPU.Build.0 = Debug|Any CPU
		{12157578-7DD6-4DA3-94BE-072C845C5E1A}.Release|Any CPU.ActiveCfg = Release|Any CPU
		{12157578-7DD6-4DA3-94BE-072C845C5E1A}.Release|Any CPU.Build.0 = Release|Any CPU
		{A67F7867-6590-4243-97D7-03ABF92C5EFE}.Debug|Any CPU.ActiveCfg = Debug|Any CPU
		{A67F7867-6590-4243-97D7-03ABF92C5EFE}.Debug|Any CPU.Build.0 = Debug|Any CPU
		{A67F7867-6590-4243-97D7-03ABF92C5EFE}.Release|Any CPU.ActiveCfg = Debug|Any CPU
		{A67F7867-6590-4243-97D7-03ABF92C5EFE}.Release|Any CPU.Build.0 = Debug|Any CPU
	EndGlobalSection
	GlobalSection(SolutionProperties) = preSolution
		HideSolutionNode = FALSE
	EndGlobalSection
	GlobalSection(ExtensibilityGlobals) = postSolution
		SolutionGuid = {3AD2B4D5-0ACF-4FF0-B66C-8760BE822537}
	EndGlobalSection
EndGlobal
